<?xml version="1.0" encoding="utf-8"?>
<Project ToolsVersion="4.0" xmlns="http://schemas.microsoft.com/developer/msbuild/2003">
  <ItemGroup>
    <Filter Include="ソース ファイル">
      <UniqueIdentifier>{4FC737F1-C7A5-4376-A066-2A32D752A2FF}</UniqueIdentifier>
      <Extensions>cpp;c;cc;cxx;def;odl;idl;hpj;bat;asm;asmx</Extensions>
    </Filter>
    <Filter Include="ヘッダー ファイル">
      <UniqueIdentifier>{93995380-89BD-4b04-88EB-625FBE52EBFB}</UniqueIdentifier>
      <Extensions>h;hh;hpp;hxx;hm;inl;inc;xsd</Extensions>
    </Filter>
    <Filter Include="リソース ファイル">
      <UniqueIdentifier>{67DA6AB6-F800-4c08-8B7A-83BB121AAD01}</UniqueIdentifier>
      <Extensions>rc;ico;cur;bmp;dlg;rc2;rct;bin;rgs;gif;jpg;jpeg;jpe;resx;tiff;tif;png;wav;mfcribbon-ms</Extensions>
    </Filter>
    <Filter Include="ソース ファイル\キャラクター">
      <UniqueIdentifier>{65ba1219-7963-4922-bf84-323a190289b5}</UniqueIdentifier>
    </Filter>
    <Filter Include="ソース ファイル\武器">
      <UniqueIdentifier>{810fcfa2-60d9-4a99-bd71-b61bd1a7660b}</UniqueIdentifier>
    </Filter>
    <Filter Include="ソース ファイル\キャラクター\敵">
      <UniqueIdentifier>{da7f4a59-c939-4a1e-ab41-058039eadbd2}</UniqueIdentifier>
    </Filter>
    <Filter Include="ソース ファイル\敵の出現設定">
      <UniqueIdentifier>{ce416282-f320-477b-b0a6-ea75a5606996}</UniqueIdentifier>
    </Filter>
    <Filter Include="ソース ファイル\アイテム">
      <UniqueIdentifier>{409b5cf5-6d1c-4d3f-814c-cf192471d8ca}</UniqueIdentifier>
    </Filter>
    <Filter Include="ソース ファイル\ゲージ">
      <UniqueIdentifier>{d6dedc36-cbe9-42a0-9842-8252a3c2a946}</UniqueIdentifier>
    </Filter>
  </ItemGroup>
  <ItemGroup>
    <ClInclude Include="..\cluster%27s slayer\stage.h">
      <Filter>ソース ファイル</Filter>
    </ClInclude>
    <ClInclude Include="..\cluster%27s slayer\texture.h">
      <Filter>ソース ファイル</Filter>
    </ClInclude>
    <ClInclude Include="..\cluster%27s slayer\title.h">
      <Filter>ソース ファイル</Filter>
    </ClInclude>
    <ClInclude Include="..\cluster%27s slayer\wall.h">
      <Filter>ソース ファイル</Filter>
    </ClInclude>
    <ClInclude Include="..\cluster%27s slayer\XInput.h">
      <Filter>ソース ファイル</Filter>
    </ClInclude>
    <ClInclude Include="..\cluster%27s slayer\xload.h">
      <Filter>ソース ファイル</Filter>
    </ClInclude>
    <ClInclude Include="..\cluster%27s slayer\main.h">
      <Filter>ソース ファイル</Filter>
    </ClInclude>
    <ClInclude Include="..\cluster%27s slayer\manager.h">
      <Filter>ソース ファイル</Filter>
    </ClInclude>
    <ClInclude Include="..\cluster%27s slayer\model.h">
      <Filter>ソース ファイル</Filter>
    </ClInclude>
    <ClInclude Include="..\cluster%27s slayer\motion.h">
      <Filter>ソース ファイル</Filter>
    </ClInclude>
    <ClInclude Include="..\cluster%27s slayer\mouse.h">
      <Filter>ソース ファイル</Filter>
    </ClInclude>
    <ClInclude Include="..\cluster%27s slayer\Particle.h">
      <Filter>ソース ファイル</Filter>
    </ClInclude>
    <ClInclude Include="..\cluster%27s slayer\Polygon.h">
      <Filter>ソース ファイル</Filter>
    </ClInclude>
    <ClInclude Include="..\cluster%27s slayer\Renderer.h">
      <Filter>ソース ファイル</Filter>
    </ClInclude>
    <ClInclude Include="..\cluster%27s slayer\result.h">
      <Filter>ソース ファイル</Filter>
    </ClInclude>
    <ClInclude Include="..\cluster%27s slayer\scene.h">
      <Filter>ソース ファイル</Filter>
    </ClInclude>
    <ClInclude Include="..\cluster%27s slayer\scene2D.h">
      <Filter>ソース ファイル</Filter>
    </ClInclude>
    <ClInclude Include="..\cluster%27s slayer\Scene3D.h">
      <Filter>ソース ファイル</Filter>
    </ClInclude>
    <ClInclude Include="..\cluster%27s slayer\score.h">
      <Filter>ソース ファイル</Filter>
    </ClInclude>
    <ClInclude Include="..\cluster%27s slayer\shadow.h">
      <Filter>ソース ファイル</Filter>
    </ClInclude>
    <ClInclude Include="..\cluster%27s slayer\sound.h">
      <Filter>ソース ファイル</Filter>
    </ClInclude>
    <ClInclude Include="..\cluster%27s slayer\directinput.h">
      <Filter>ソース ファイル</Filter>
    </ClInclude>
    <ClInclude Include="..\cluster%27s slayer\effect.h">
      <Filter>ソース ファイル</Filter>
    </ClInclude>
    <ClInclude Include="..\cluster%27s slayer\bg.h">
      <Filter>ソース ファイル</Filter>
    </ClInclude>
    <ClInclude Include="..\cluster%27s slayer\billboard.h">
      <Filter>ソース ファイル</Filter>
    </ClInclude>
    <ClInclude Include="..\cluster%27s slayer\camera.h">
      <Filter>ソース ファイル</Filter>
    </ClInclude>
    <ClInclude Include="..\cluster%27s slayer\input.h">
      <Filter>ソース ファイル</Filter>
    </ClInclude>
    <ClInclude Include="..\cluster%27s slayer\keyboard.h">
      <Filter>ソース ファイル</Filter>
    </ClInclude>
    <ClInclude Include="..\cluster%27s slayer\layer_structure.h">
      <Filter>ソース ファイル</Filter>
    </ClInclude>
    <ClInclude Include="..\cluster%27s slayer\light.h">
      <Filter>ソース ファイル</Filter>
    </ClInclude>
    <ClInclude Include="..\cluster%27s slayer\game.h">
      <Filter>ソース ファイル</Filter>
    </ClInclude>
    <ClInclude Include="..\cluster%27s slayer\fade.h">
      <Filter>ソース ファイル</Filter>
    </ClInclude>
    <ClInclude Include="..\cluster%27s slayer\field.h">
      <Filter>ソース ファイル</Filter>
    </ClInclude>
    <ClInclude Include="..\cluster%27s slayer\player.h">
      <Filter>ソース ファイル\キャラクター</Filter>
    </ClInclude>
    <ClInclude Include="..\cluster%27s slayer\character.h">
      <Filter>ソース ファイル\キャラクター</Filter>
    </ClInclude>
    <ClInclude Include="..\cluster%27s slayer\model_spawner.h">
      <Filter>ソース ファイル</Filter>
    </ClInclude>
    <ClInclude Include="..\cluster%27s slayer\map_polygon.h">
      <Filter>ソース ファイル</Filter>
    </ClInclude>
    <ClInclude Include="..\cluster%27s slayer\meshsphere.h">
      <Filter>ソース ファイル</Filter>
    </ClInclude>
    <ClInclude Include="..\cluster%27s slayer\collision.h">
      <Filter>ソース ファイル</Filter>
    </ClInclude>
    <ClInclude Include="..\cluster%27s slayer\pause.h">
      <Filter>ソース ファイル</Filter>
    </ClInclude>
    <ClInclude Include="..\cluster%27s slayer\weapon.h">
      <Filter>ソース ファイル\武器</Filter>
    </ClInclude>
    <ClInclude Include="..\cluster%27s slayer\sword.h">
      <Filter>ソース ファイル\武器</Filter>
    </ClInclude>
    <ClInclude Include="..\cluster%27s slayer\enemy.h">
      <Filter>ソース ファイル\キャラクター\敵</Filter>
    </ClInclude>
    <ClInclude Include="..\cluster%27s slayer\enemy001.h">
      <Filter>ソース ファイル\キャラクター\敵</Filter>
    </ClInclude>
    <ClInclude Include="..\cluster%27s slayer\enemy_spawn_manager.h">
      <Filter>ソース ファイル\敵の出現設定</Filter>
    </ClInclude>
    <ClInclude Include="..\cluster%27s slayer\exp_ball.h">
      <Filter>ソース ファイル\アイテム</Filter>
    </ClInclude>
    <ClInclude Include="..\cluster%27s slayer\item.h">
      <Filter>ソース ファイル\アイテム</Filter>
    </ClInclude>
    <ClInclude Include="..\cluster%27s slayer\gauge.h">
      <Filter>ソース ファイル\ゲージ</Filter>
    </ClInclude>
  </ItemGroup>
  <ItemGroup>
    <ClCompile Include="..\cluster%27s slayer\texture.cpp">
      <Filter>ソース ファイル</Filter>
    </ClCompile>
    <ClCompile Include="..\cluster%27s slayer\title.cpp">
      <Filter>ソース ファイル</Filter>
    </ClCompile>
    <ClCompile Include="..\cluster%27s slayer\wall.cpp">
      <Filter>ソース ファイル</Filter>
    </ClCompile>
    <ClCompile Include="..\cluster%27s slayer\XInput.cpp">
      <Filter>ソース ファイル</Filter>
    </ClCompile>
    <ClCompile Include="..\cluster%27s slayer\xload.cpp">
      <Filter>ソース ファイル</Filter>
    </ClCompile>
    <ClCompile Include="..\cluster%27s slayer\main.cpp">
      <Filter>ソース ファイル</Filter>
    </ClCompile>
    <ClCompile Include="..\cluster%27s slayer\manager.cpp">
      <Filter>ソース ファイル</Filter>
    </ClCompile>
    <ClCompile Include="..\cluster%27s slayer\model.cpp">
      <Filter>ソース ファイル</Filter>
    </ClCompile>
    <ClCompile Include="..\cluster%27s slayer\motion.cpp">
      <Filter>ソース ファイル</Filter>
    </ClCompile>
    <ClCompile Include="..\cluster%27s slayer\mouse.cpp">
      <Filter>ソース ファイル</Filter>
    </ClCompile>
    <ClCompile Include="..\cluster%27s slayer\Particle.cpp">
      <Filter>ソース ファイル</Filter>
    </ClCompile>
    <ClCompile Include="..\cluster%27s slayer\polygon.cpp">
      <Filter>ソース ファイル</Filter>
    </ClCompile>
    <ClCompile Include="..\cluster%27s slayer\Renderer.cpp">
      <Filter>ソース ファイル</Filter>
    </ClCompile>
    <ClCompile Include="..\cluster%27s slayer\result.cpp">
      <Filter>ソース ファイル</Filter>
    </ClCompile>
    <ClCompile Include="..\cluster%27s slayer\scene.cpp">
      <Filter>ソース ファイル</Filter>
    </ClCompile>
    <ClCompile Include="..\cluster%27s slayer\scene2D.cpp">
      <Filter>ソース ファイル</Filter>
    </ClCompile>
    <ClCompile Include="..\cluster%27s slayer\Scene3D.cpp">
      <Filter>ソース ファイル</Filter>
    </ClCompile>
    <ClCompile Include="..\cluster%27s slayer\score.cpp">
      <Filter>ソース ファイル</Filter>
    </ClCompile>
    <ClCompile Include="..\cluster%27s slayer\shadow.cpp">
      <Filter>ソース ファイル</Filter>
    </ClCompile>
    <ClCompile Include="..\cluster%27s slayer\sound.cpp">
      <Filter>ソース ファイル</Filter>
    </ClCompile>
    <ClCompile Include="..\cluster%27s slayer\stage.cpp">
      <Filter>ソース ファイル</Filter>
    </ClCompile>
    <ClCompile Include="..\cluster%27s slayer\directinput.cpp">
      <Filter>ソース ファイル</Filter>
    </ClCompile>
    <ClCompile Include="..\cluster%27s slayer\effect.cpp">
      <Filter>ソース ファイル</Filter>
    </ClCompile>
    <ClCompile Include="..\cluster%27s slayer\bg.cpp">
      <Filter>ソース ファイル</Filter>
    </ClCompile>
    <ClCompile Include="..\cluster%27s slayer\billboard.cpp">
      <Filter>ソース ファイル</Filter>
    </ClCompile>
    <ClCompile Include="..\cluster%27s slayer\camera.cpp">
      <Filter>ソース ファイル</Filter>
    </ClCompile>
    <ClCompile Include="..\cluster%27s slayer\input.cpp">
      <Filter>ソース ファイル</Filter>
    </ClCompile>
    <ClCompile Include="..\cluster%27s slayer\keyboard.cpp">
      <Filter>ソース ファイル</Filter>
    </ClCompile>
    <ClCompile Include="..\cluster%27s slayer\layer_structure.cpp">
      <Filter>ソース ファイル</Filter>
    </ClCompile>
    <ClCompile Include="..\cluster%27s slayer\light.cpp">
      <Filter>ソース ファイル</Filter>
    </ClCompile>
    <ClCompile Include="..\cluster%27s slayer\fade.cpp">
      <Filter>ソース ファイル</Filter>
    </ClCompile>
    <ClCompile Include="..\cluster%27s slayer\field.cpp">
      <Filter>ソース ファイル</Filter>
    </ClCompile>
    <ClCompile Include="..\cluster%27s slayer\game.cpp">
      <Filter>ソース ファイル</Filter>
    </ClCompile>
    <ClCompile Include="..\cluster%27s slayer\player.cpp">
      <Filter>ソース ファイル\キャラクター</Filter>
    </ClCompile>
    <ClCompile Include="..\cluster%27s slayer\character.cpp">
      <Filter>ソース ファイル\キャラクター</Filter>
    </ClCompile>
    <ClCompile Include="..\cluster%27s slayer\model_spawner.cpp">
      <Filter>ソース ファイル</Filter>
    </ClCompile>
    <ClCompile Include="..\cluster%27s slayer\meshsphere.cpp">
      <Filter>ソース ファイル</Filter>
    </ClCompile>
    <ClCompile Include="..\cluster%27s slayer\map_polygon.cpp">
      <Filter>ソース ファイル</Filter>
    </ClCompile>
    <ClCompile Include="..\cluster%27s slayer\collision.cpp">
      <Filter>ソース ファイル</Filter>
    </ClCompile>
    <ClCompile Include="..\cluster%27s slayer\pause.cpp">
      <Filter>ソース ファイル</Filter>
    </ClCompile>
    <ClCompile Include="..\cluster%27s slayer\weapon.cpp">
      <Filter>ソース ファイル\武器</Filter>
    </ClCompile>
    <ClCompile Include="..\cluster%27s slayer\sword.cpp">
      <Filter>ソース ファイル\武器</Filter>
    </ClCompile>
    <ClCompile Include="..\cluster%27s slayer\enemy.cpp">
      <Filter>ソース ファイル\キャラクター\敵</Filter>
    </ClCompile>
    <ClCompile Include="..\cluster%27s slayer\enemy001.cpp">
      <Filter>ソース ファイル\キャラクター\敵</Filter>
    </ClCompile>
    <ClCompile Include="..\cluster%27s slayer\enemy_spawn_manager.cpp">
      <Filter>ソース ファイル\敵の出現設定</Filter>
    </ClCompile>
    <ClCompile Include="..\cluster%27s slayer\exp_ball.cpp">
      <Filter>ソース ファイル\アイテム</Filter>
    </ClCompile>
    <ClCompile Include="..\cluster%27s slayer\item.cpp">
      <Filter>ソース ファイル\アイテム</Filter>
    </ClCompile>
    <ClCompile Include="..\cluster%27s slayer\gauge.cpp">
      <Filter>ソース ファイル\ゲージ</Filter>
    </ClCompile>
  </ItemGroup>
</Project>