<?xml version="1.0" encoding="utf-8"?>
<Project ToolsVersion="4.0" xmlns="http://schemas.microsoft.com/developer/msbuild/2003">
  <ItemGroup>
    <ClCompile Include="..\cluster%27s slayer\guard.cpp">
      <Filter>NewFilter1\スキル</Filter>
    </ClCompile>
    <ClCompile Include="..\cluster%27s slayer\2Dnumber.cpp">
      <Filter>NewFilter1</Filter>
    </ClCompile>
    <ClCompile Include="..\cluster%27s slayer\bg.cpp">
      <Filter>NewFilter1</Filter>
    </ClCompile>
    <ClCompile Include="..\cluster%27s slayer\billboard.cpp">
      <Filter>NewFilter1</Filter>
    </ClCompile>
    <ClCompile Include="..\cluster%27s slayer\camera.cpp">
      <Filter>NewFilter1</Filter>
    </ClCompile>
    <ClCompile Include="..\cluster%27s slayer\character.cpp">
      <Filter>NewFilter1</Filter>
    </ClCompile>
    <ClCompile Include="..\cluster%27s slayer\character_partsdata.cpp">
      <Filter>NewFilter1</Filter>
    </ClCompile>
    <ClCompile Include="..\cluster%27s slayer\collision.cpp">
      <Filter>NewFilter1</Filter>
    </ClCompile>
    <ClCompile Include="damage_collision.cpp">
      <Filter>NewFilter1</Filter>
    </ClCompile>
    <ClCompile Include="..\cluster%27s slayer\directinput.cpp">
      <Filter>NewFilter1</Filter>
    </ClCompile>
    <ClCompile Include="..\cluster%27s slayer\effect.cpp">
      <Filter>NewFilter1</Filter>
    </ClCompile>
    <ClCompile Include="..\cluster%27s slayer\enemy.cpp">
      <Filter>NewFilter1</Filter>
    </ClCompile>
    <ClCompile Include="..\cluster%27s slayer\enemy_goblin.cpp">
      <Filter>NewFilter1</Filter>
    </ClCompile>
    <ClCompile Include="..\cluster%27s slayer\enemy_spawn_manager.cpp">
      <Filter>NewFilter1</Filter>
    </ClCompile>
    <ClCompile Include="..\cluster%27s slayer\enemy001.cpp">
      <Filter>NewFilter1</Filter>
    </ClCompile>
    <ClCompile Include="..\cluster%27s slayer\exp_ball.cpp">
      <Filter>NewFilter1</Filter>
    </ClCompile>
    <ClCompile Include="..\cluster%27s slayer\fade.cpp">
      <Filter>NewFilter1</Filter>
    </ClCompile>
    <ClCompile Include="..\cluster%27s slayer\field.cpp">
      <Filter>NewFilter1</Filter>
    </ClCompile>
    <ClCompile Include="..\cluster%27s slayer\frame.cpp">
      <Filter>NewFilter1</Filter>
    </ClCompile>
    <ClCompile Include="..\cluster%27s slayer\game.cpp">
      <Filter>NewFilter1</Filter>
    </ClCompile>
    <ClCompile Include="gamemenu.cpp">
      <Filter>NewFilter1</Filter>
    </ClCompile>
    <ClCompile Include="..\cluster%27s slayer\gametimer.cpp">
      <Filter>NewFilter1</Filter>
    </ClCompile>
    <ClCompile Include="..\cluster%27s slayer\gauge.cpp">
      <Filter>NewFilter1</Filter>
    </ClCompile>
    <ClCompile Include="..\cluster%27s slayer\gaugeber.cpp">
      <Filter>NewFilter1</Filter>
    </ClCompile>
    <ClCompile Include="..\cluster%27s slayer\input.cpp">
      <Filter>NewFilter1</Filter>
    </ClCompile>
    <ClCompile Include="..\cluster%27s slayer\item.cpp">
      <Filter>NewFilter1</Filter>
    </ClCompile>
    <ClCompile Include="..\cluster%27s slayer\keyboard.cpp">
      <Filter>NewFilter1</Filter>
    </ClCompile>
    <ClCompile Include="..\cluster%27s slayer\layer_structure.cpp">
      <Filter>NewFilter1</Filter>
    </ClCompile>
    <ClCompile Include="..\cluster%27s slayer\light.cpp">
      <Filter>NewFilter1</Filter>
    </ClCompile>
    <ClCompile Include="..\cluster%27s slayer\main.cpp">
      <Filter>NewFilter1</Filter>
    </ClCompile>
    <ClCompile Include="..\cluster%27s slayer\manager.cpp">
      <Filter>NewFilter1</Filter>
    </ClCompile>
    <ClCompile Include="..\cluster%27s slayer\map_polygon.cpp">
      <Filter>NewFilter1</Filter>
    </ClCompile>
    <ClCompile Include="..\cluster%27s slayer\meshsphere.cpp">
      <Filter>NewFilter1</Filter>
    </ClCompile>
    <ClCompile Include="..\cluster%27s slayer\model.cpp">
      <Filter>NewFilter1</Filter>
    </ClCompile>
    <ClCompile Include="..\cluster%27s slayer\model_spawner.cpp">
      <Filter>NewFilter1</Filter>
    </ClCompile>
    <ClCompile Include="..\cluster%27s slayer\motion.cpp">
      <Filter>NewFilter1</Filter>
    </ClCompile>
    <ClCompile Include="..\cluster%27s slayer\mouse.cpp">
      <Filter>NewFilter1</Filter>
    </ClCompile>
    <ClCompile Include="..\cluster%27s slayer\number.cpp">
      <Filter>NewFilter1</Filter>
    </ClCompile>
    <ClCompile Include="..\cluster%27s slayer\Particle.cpp">
      <Filter>NewFilter1</Filter>
    </ClCompile>
    <ClCompile Include="..\cluster%27s slayer\pause.cpp">
      <Filter>NewFilter1</Filter>
    </ClCompile>
    <ClCompile Include="..\cluster%27s slayer\plane.cpp">
      <Filter>NewFilter1</Filter>
    </ClCompile>
    <ClCompile Include="..\cluster%27s slayer\polygon.cpp">
      <Filter>NewFilter1</Filter>
    </ClCompile>
    <ClCompile Include="..\cluster%27s slayer\Renderer.cpp">
      <Filter>NewFilter1</Filter>
    </ClCompile>
    <ClCompile Include="..\cluster%27s slayer\result.cpp">
      <Filter>NewFilter1</Filter>
    </ClCompile>
    <ClCompile Include="..\cluster%27s slayer\rushattack.cpp">
      <Filter>NewFilter1</Filter>
    </ClCompile>
    <ClCompile Include="savedata.cpp">
      <Filter>NewFilter1</Filter>
    </ClCompile>
    <ClCompile Include="..\cluster%27s slayer\scene.cpp">
      <Filter>NewFilter1</Filter>
    </ClCompile>
    <ClCompile Include="..\cluster%27s slayer\scene2D.cpp">
      <Filter>NewFilter1</Filter>
    </ClCompile>
    <ClCompile Include="..\cluster%27s slayer\Scene3D.cpp">
      <Filter>NewFilter1</Filter>
    </ClCompile>
    <ClCompile Include="..\cluster%27s slayer\score.cpp">
      <Filter>NewFilter1</Filter>
    </ClCompile>
    <ClCompile Include="..\cluster%27s slayer\selectbottom.cpp">
      <Filter>NewFilter1</Filter>
    </ClCompile>
    <ClCompile Include="..\cluster%27s slayer\shadow.cpp">
      <Filter>NewFilter1</Filter>
    </ClCompile>
    <ClCompile Include="..\cluster%27s slayer\skillselect.cpp">
      <Filter>NewFilter1</Filter>
    </ClCompile>
    <ClCompile Include="..\cluster%27s slayer\smallscore.cpp">
      <Filter>NewFilter1</Filter>
    </ClCompile>
    <ClCompile Include="..\cluster%27s slayer\sound.cpp">
      <Filter>NewFilter1</Filter>
    </ClCompile>
    <ClCompile Include="..\cluster%27s slayer\stage.cpp">
      <Filter>NewFilter1</Filter>
    </ClCompile>
    <ClCompile Include="..\cluster%27s slayer\stage_preset.cpp">
      <Filter>NewFilter1</Filter>
    </ClCompile>
    <ClCompile Include="..\cluster%27s slayer\stage_preset_data.cpp">
      <Filter>NewFilter1</Filter>
    </ClCompile>
    <ClCompile Include="..\cluster%27s slayer\sword.cpp">
      <Filter>NewFilter1</Filter>
    </ClCompile>
    <ClCompile Include="..\cluster%27s slayer\texture.cpp">
      <Filter>NewFilter1</Filter>
    </ClCompile>
    <ClCompile Include="..\cluster%27s slayer\title.cpp">
      <Filter>NewFilter1</Filter>
    </ClCompile>
    <ClCompile Include="titleselectbutton.cpp">
      <Filter>NewFilter1</Filter>
    </ClCompile>
    <ClCompile Include="..\cluster%27s slayer\wall.cpp">
      <Filter>NewFilter1</Filter>
    </ClCompile>
    <ClCompile Include="..\cluster%27s slayer\weapon.cpp">
      <Filter>NewFilter1</Filter>
    </ClCompile>
    <ClCompile Include="..\cluster%27s slayer\XInput.cpp">
      <Filter>NewFilter1</Filter>
    </ClCompile>
    <ClCompile Include="..\cluster%27s slayer\xload.cpp">
      <Filter>NewFilter1</Filter>
    </ClCompile>
    <ClCompile Include="3Dpolygon.cpp">
      <Filter>NewFilter1</Filter>
    </ClCompile>
    <ClCompile Include="..\cluster%27s slayer\player.cpp">
      <Filter>NewFilter1\プレイヤー</Filter>
    </ClCompile>
    <ClCompile Include="..\cluster%27s slayer\missile.cpp">
      <Filter>NewFilter1\スキル</Filter>
    </ClCompile>
    <ClCompile Include="..\cluster%27s slayer\missile_bullet.cpp">
      <Filter>NewFilter1\スキル</Filter>
    </ClCompile>
    <ClCompile Include="..\cluster%27s slayer\blackhole.cpp">
      <Filter>NewFilter1\スキル</Filter>
    </ClCompile>
    <ClCompile Include="..\cluster%27s slayer\letter.cpp">
      <Filter>NewFilter1\テキスト関係</Filter>
    </ClCompile>
    <ClCompile Include="..\cluster%27s slayer\LoadEffect.cpp">
      <Filter>NewFilter1\エフェクト\ロード</Filter>
    </ClCompile>
    <ClCompile Include="..\cluster%27s slayer\PresetSetEffect.cpp">
      <Filter>NewFilter1\エフェクト\ロード</Filter>
    </ClCompile>
    <ClCompile Include="..\cluster%27s slayer\billeffect.cpp">
      <Filter>NewFilter1\エフェクト\3D</Filter>
    </ClCompile>
    <ClCompile Include="..\cluster%27s slayer\Rotate3d.cpp">
      <Filter>NewFilter1\エフェクト\3D</Filter>
    </ClCompile>
    <ClCompile Include="..\cluster%27s slayer\Sphere.cpp">
      <Filter>NewFilter1\エフェクト\3D</Filter>
    </ClCompile>
    <ClCompile Include="..\cluster%27s slayer\SphereEffect.cpp">
      <Filter>NewFilter1\エフェクト\3D</Filter>
    </ClCompile>
    <ClCompile Include="..\cluster%27s slayer\straight3d.cpp">
      <Filter>NewFilter1\エフェクト\3D</Filter>
    </ClCompile>
    <ClCompile Include="..\cluster%27s slayer\effect2d.cpp">
      <Filter>NewFilter1\エフェクト\2D</Filter>
    </ClCompile>
    <ClCompile Include="..\cluster%27s slayer\MouseTracking.cpp">
      <Filter>NewFilter1\エフェクト\2D</Filter>
    </ClCompile>
    <ClCompile Include="..\cluster%27s slayer\Movement.cpp">
      <Filter>NewFilter1\エフェクト\2D</Filter>
    </ClCompile>
    <ClCompile Include="..\cluster%27s slayer\Rotate.cpp">
      <Filter>NewFilter1\エフェクト\2D</Filter>
    </ClCompile>
    <ClCompile Include="..\cluster%27s slayer\FieldEffect.cpp">
      <Filter>NewFilter1\エフェクト\3D</Filter>
    </ClCompile>
  </ItemGroup>
  <ItemGroup>
    <ClInclude Include="..\cluster%27s slayer\guard.h">
      <Filter>NewFilter1\スキル</Filter>
    </ClInclude>
    <ClInclude Include="..\cluster%27s slayer\2Dnumber.h">
      <Filter>NewFilter1</Filter>
    </ClInclude>
    <ClInclude Include="..\cluster%27s slayer\bg.h">
      <Filter>NewFilter1</Filter>
    </ClInclude>
    <ClInclude Include="..\cluster%27s slayer\billboard.h">
      <Filter>NewFilter1</Filter>
    </ClInclude>
    <ClInclude Include="..\cluster%27s slayer\camera.h">
      <Filter>NewFilter1</Filter>
    </ClInclude>
    <ClInclude Include="..\cluster%27s slayer\character.h">
      <Filter>NewFilter1</Filter>
    </ClInclude>
    <ClInclude Include="..\cluster%27s slayer\character_partsdata.h">
      <Filter>NewFilter1</Filter>
    </ClInclude>
    <ClInclude Include="..\cluster%27s slayer\collision.h">
      <Filter>NewFilter1</Filter>
    </ClInclude>
    <ClInclude Include="..\cluster%27s slayer\damage_collision.h">
      <Filter>NewFilter1</Filter>
    </ClInclude>
    <ClInclude Include="..\cluster%27s slayer\directinput.h">
      <Filter>NewFilter1</Filter>
    </ClInclude>
    <ClInclude Include="..\cluster%27s slayer\effect.h">
      <Filter>NewFilter1</Filter>
    </ClInclude>
    <ClInclude Include="..\cluster%27s slayer\enemy.h">
      <Filter>NewFilter1</Filter>
    </ClInclude>
    <ClInclude Include="..\cluster%27s slayer\enemy_goblin.h">
      <Filter>NewFilter1</Filter>
    </ClInclude>
    <ClInclude Include="..\cluster%27s slayer\enemy_spawn_manager.h">
      <Filter>NewFilter1</Filter>
    </ClInclude>
    <ClInclude Include="..\cluster%27s slayer\enemy001.h">
      <Filter>NewFilter1</Filter>
    </ClInclude>
    <ClInclude Include="..\cluster%27s slayer\exp_ball.h">
      <Filter>NewFilter1</Filter>
    </ClInclude>
    <ClInclude Include="..\cluster%27s slayer\fade.h">
      <Filter>NewFilter1</Filter>
    </ClInclude>
    <ClInclude Include="..\cluster%27s slayer\field.h">
      <Filter>NewFilter1</Filter>
    </ClInclude>
    <ClInclude Include="..\cluster%27s slayer\frame.h">
      <Filter>NewFilter1</Filter>
    </ClInclude>
    <ClInclude Include="..\cluster%27s slayer\game.h">
      <Filter>NewFilter1</Filter>
    </ClInclude>
    <ClInclude Include="gamemenu.h">
      <Filter>NewFilter1</Filter>
    </ClInclude>
    <ClInclude Include="..\cluster%27s slayer\gametimer.h">
      <Filter>NewFilter1</Filter>
    </ClInclude>
    <ClInclude Include="..\cluster%27s slayer\gauge.h">
      <Filter>NewFilter1</Filter>
    </ClInclude>
    <ClInclude Include="..\cluster%27s slayer\gaugeber.h">
      <Filter>NewFilter1</Filter>
    </ClInclude>
    <ClInclude Include="..\cluster%27s slayer\input.h">
      <Filter>NewFilter1</Filter>
    </ClInclude>
    <ClInclude Include="..\cluster%27s slayer\item.h">
      <Filter>NewFilter1</Filter>
    </ClInclude>
    <ClInclude Include="..\cluster%27s slayer\keyboard.h">
      <Filter>NewFilter1</Filter>
    </ClInclude>
    <ClInclude Include="..\cluster%27s slayer\layer_structure.h">
      <Filter>NewFilter1</Filter>
    </ClInclude>
    <ClInclude Include="..\cluster%27s slayer\light.h">
      <Filter>NewFilter1</Filter>
    </ClInclude>
    <ClInclude Include="..\cluster%27s slayer\main.h">
      <Filter>NewFilter1</Filter>
    </ClInclude>
    <ClInclude Include="..\cluster%27s slayer\manager.h">
      <Filter>NewFilter1</Filter>
    </ClInclude>
    <ClInclude Include="..\cluster%27s slayer\map_polygon.h">
      <Filter>NewFilter1</Filter>
    </ClInclude>
    <ClInclude Include="..\cluster%27s slayer\meshsphere.h">
      <Filter>NewFilter1</Filter>
    </ClInclude>
    <ClInclude Include="..\cluster%27s slayer\model.h">
      <Filter>NewFilter1</Filter>
    </ClInclude>
    <ClInclude Include="..\cluster%27s slayer\model_spawner.h">
      <Filter>NewFilter1</Filter>
    </ClInclude>
    <ClInclude Include="..\cluster%27s slayer\motion.h">
      <Filter>NewFilter1</Filter>
    </ClInclude>
    <ClInclude Include="..\cluster%27s slayer\mouse.h">
      <Filter>NewFilter1</Filter>
    </ClInclude>
    <ClInclude Include="..\cluster%27s slayer\number.h">
      <Filter>NewFilter1</Filter>
    </ClInclude>
    <ClInclude Include="..\cluster%27s slayer\Particle.h">
      <Filter>NewFilter1</Filter>
    </ClInclude>
    <ClInclude Include="..\cluster%27s slayer\pause.h">
      <Filter>NewFilter1</Filter>
    </ClInclude>
    <ClInclude Include="..\cluster%27s slayer\plane.h">
      <Filter>NewFilter1</Filter>
    </ClInclude>
    <ClInclude Include="..\cluster%27s slayer\Polygon.h">
      <Filter>NewFilter1</Filter>
    </ClInclude>
    <ClInclude Include="..\cluster%27s slayer\Renderer.h">
      <Filter>NewFilter1</Filter>
    </ClInclude>
    <ClInclude Include="..\cluster%27s slayer\result.h">
      <Filter>NewFilter1</Filter>
    </ClInclude>
    <ClInclude Include="..\cluster%27s slayer\rushattack.h">
      <Filter>NewFilter1</Filter>
    </ClInclude>
    <ClInclude Include="savedata.h">
      <Filter>NewFilter1</Filter>
    </ClInclude>
    <ClInclude Include="..\cluster%27s slayer\scene.h">
      <Filter>NewFilter1</Filter>
    </ClInclude>
    <ClInclude Include="..\cluster%27s slayer\scene2D.h">
      <Filter>NewFilter1</Filter>
    </ClInclude>
    <ClInclude Include="..\cluster%27s slayer\Scene3D.h">
      <Filter>NewFilter1</Filter>
    </ClInclude>
    <ClInclude Include="..\cluster%27s slayer\score.h">
      <Filter>NewFilter1</Filter>
    </ClInclude>
    <ClInclude Include="..\cluster%27s slayer\selectbottom.h">
      <Filter>NewFilter1</Filter>
    </ClInclude>
    <ClInclude Include="..\cluster%27s slayer\shadow.h">
      <Filter>NewFilter1</Filter>
    </ClInclude>
    <ClInclude Include="..\cluster%27s slayer\skillselect.h">
      <Filter>NewFilter1</Filter>
    </ClInclude>
    <ClInclude Include="..\cluster%27s slayer\smallscore.h">
      <Filter>NewFilter1</Filter>
    </ClInclude>
    <ClInclude Include="..\cluster%27s slayer\sound.h">
      <Filter>NewFilter1</Filter>
    </ClInclude>
    <ClInclude Include="..\cluster%27s slayer\stage.h">
      <Filter>NewFilter1</Filter>
    </ClInclude>
    <ClInclude Include="..\cluster%27s slayer\stage_preset.h">
      <Filter>NewFilter1</Filter>
    </ClInclude>
    <ClInclude Include="..\cluster%27s slayer\stage_preset_data.h">
      <Filter>NewFilter1</Filter>
    </ClInclude>
    <ClInclude Include="..\cluster%27s slayer\sword.h">
      <Filter>NewFilter1</Filter>
    </ClInclude>
    <ClInclude Include="..\cluster%27s slayer\texture.h">
      <Filter>NewFilter1</Filter>
    </ClInclude>
    <ClInclude Include="..\cluster%27s slayer\title.h">
      <Filter>NewFilter1</Filter>
    </ClInclude>
    <ClInclude Include="titleselectbutton.h">
      <Filter>NewFilter1</Filter>
    </ClInclude>
    <ClInclude Include="..\cluster%27s slayer\wall.h">
      <Filter>NewFilter1</Filter>
    </ClInclude>
    <ClInclude Include="..\cluster%27s slayer\weapon.h">
      <Filter>NewFilter1</Filter>
    </ClInclude>
    <ClInclude Include="..\cluster%27s slayer\XInput.h">
      <Filter>NewFilter1</Filter>
    </ClInclude>
    <ClInclude Include="..\cluster%27s slayer\xload.h">
      <Filter>NewFilter1</Filter>
    </ClInclude>
    <ClInclude Include="3Dpolygon.h">
      <Filter>NewFilter1</Filter>
    </ClInclude>
    <ClInclude Include="..\cluster%27s slayer\player.h">
      <Filter>NewFilter1\プレイヤー</Filter>
    </ClInclude>
    <ClInclude Include="..\cluster%27s slayer\missile.h">
      <Filter>NewFilter1\スキル</Filter>
    </ClInclude>
    <ClInclude Include="..\cluster%27s slayer\missile_bullet.h">
      <Filter>NewFilter1\スキル</Filter>
    </ClInclude>
    <ClInclude Include="..\cluster%27s slayer\blackhole.h">
      <Filter>NewFilter1\スキル</Filter>
    </ClInclude>
    <ClInclude Include="..\cluster%27s slayer\letter.h">
      <Filter>NewFilter1\テキスト関係</Filter>
    </ClInclude>
    <ClInclude Include="..\cluster%27s slayer\LoadEffect.h">
      <Filter>NewFilter1\エフェクト\ロード</Filter>
    </ClInclude>
    <ClInclude Include="..\cluster%27s slayer\PresetSetEffect.h">
      <Filter>NewFilter1\エフェクト\ロード</Filter>
    </ClInclude>
    <ClInclude Include="..\cluster%27s slayer\billeffect.h">
      <Filter>NewFilter1\エフェクト\3D</Filter>
    </ClInclude>
    <ClInclude Include="..\cluster%27s slayer\Rotate3d.h">
      <Filter>NewFilter1\エフェクト\3D</Filter>
    </ClInclude>
    <ClInclude Include="..\cluster%27s slayer\Sphere.h">
      <Filter>NewFilter1\エフェクト\3D</Filter>
    </ClInclude>
    <ClInclude Include="..\cluster%27s slayer\SphereEffect.h">
      <Filter>NewFilter1\エフェクト\3D</Filter>
    </ClInclude>
    <ClInclude Include="..\cluster%27s slayer\straight3d.h">
      <Filter>NewFilter1\エフェクト\3D</Filter>
    </ClInclude>
    <ClInclude Include="..\cluster%27s slayer\effect2d.h">
      <Filter>NewFilter1\エフェクト\2D</Filter>
    </ClInclude>
    <ClInclude Include="..\cluster%27s slayer\MouseTracking.h">
      <Filter>NewFilter1\エフェクト\2D</Filter>
    </ClInclude>
    <ClInclude Include="..\cluster%27s slayer\Movement.h">
      <Filter>NewFilter1\エフェクト\2D</Filter>
    </ClInclude>
    <ClInclude Include="..\cluster%27s slayer\Rotate.h">
      <Filter>NewFilter1\エフェクト\2D</Filter>
    </ClInclude>
    <ClInclude Include="..\cluster%27s slayer\FieldEffect.h">
      <Filter>NewFilter1\エフェクト\3D</Filter>
    </ClInclude>
  </ItemGroup>
  <ItemGroup>
    <Filter Include="NewFilter1">
      <UniqueIdentifier>{2b927455-6dbf-4380-a288-de7a6ee01beb}</UniqueIdentifier>
    </Filter>
    <Filter Include="NewFilter1\スキル">
      <UniqueIdentifier>{b550019c-7c41-48ac-b503-8a8a590fcf0e}</UniqueIdentifier>
    </Filter>
    <Filter Include="NewFilter1\プレイヤー">
      <UniqueIdentifier>{e215286d-6512-45ed-9c36-be8a10ca45b2}</UniqueIdentifier>
    </Filter>
    <Filter Include="NewFilter1\テキスト関係">
      <UniqueIdentifier>{22b66cff-d25b-4144-8598-c20ccbd80791}</UniqueIdentifier>
    </Filter>
    <Filter Include="NewFilter1\エフェクト">
      <UniqueIdentifier>{fa941796-1803-40d1-ae6d-510575dc4751}</UniqueIdentifier>
    </Filter>
    <Filter Include="NewFilter1\エフェクト\ロード">
      <UniqueIdentifier>{a6b924fa-235d-4084-86b5-737e9a9cea1c}</UniqueIdentifier>
    </Filter>
    <Filter Include="NewFilter1\エフェクト\3D">
      <UniqueIdentifier>{a2092d48-2ad3-4312-b273-5bdafa79bece}</UniqueIdentifier>
    </Filter>
    <Filter Include="NewFilter1\エフェクト\2D">
      <UniqueIdentifier>{d578dc6b-36ab-43f0-b119-1be8b2114d5c}</UniqueIdentifier>
    </Filter>
  </ItemGroup>
</Project>